
Microsoft Visual Studio Solution File, Format Version 12.00
# Visual Studio Version 16
VisualStudioVersion = 16.0.31321.278
MinimumVisualStudioVersion = 10.0.40219.1
Project("{FAE04EC0-301F-11D3-BF4B-00C04F79EFBC}") = "MinWindowSubstring", "MinWindowSubstring.csproj", "{F120A314-A461-4183-BBE5-67310576FB09}"
EndProject
Global
	GlobalSection(SolutionConfigurationPlatforms) = preSolution
		Debug|Any CPU = Debug|Any CPU
		Release|Any CPU = Release|Any CPU
	EndGlobalSection
	GlobalSection(ProjectConfigurationPlatforms) = postSolution
		{F120A314-A461-4183-BBE5-67310576FB09}.Debug|Any CPU.ActiveCfg = Debug|Any CPU
		{F120A314-A461-4183-BBE5-67310576FB09}.Debug|Any CPU.Build.0 = Debug|Any CPU
		{F120A314-A461-4183-BBE5-67310576FB09}.Release|Any CPU.ActiveCfg = Release|Any CPU
		{F120A314-A461-4183-BBE5-67310576FB09}.Release|Any CPU.Build.0 = Release|Any CPU
	EndGlobalSection
	GlobalSection(SolutionProperties) = preSolution
		HideSolutionNode = FALSE
	EndGlobalSection
	GlobalSection(ExtensibilityGlobals) = postSolution
		SolutionGuid = {5E9334F7-85BC-441E-AE89-D3475DC1CDBA}
	EndGlobalSection
EndGlobal
